
Microsoft Visual Studio Solution File, Format Version 12.00
# Visual Studio Version 17
VisualStudioVersion = 17.11.35312.102
MinimumVisualStudioVersion = 10.0.40219.1
Project("{FAE04EC0-301F-11D3-BF4B-00C04F79EFBC}") = "RazorViewsExample", "RazorViewsExample.csproj", "{FA6AB840-F1A9-4CF7-B6D8-DFED792E8559}"
EndProject
Global
	GlobalSection(SolutionConfigurationPlatforms) = preSolution
		Debug|Any CPU = Debug|Any CPU
		Release|Any CPU = Release|Any CPU
	EndGlobalSection
	GlobalSection(ProjectConfigurationPlatforms) = postSolution
		{FA6AB840-F1A9-4CF7-B6D8-DFED792E8559}.Debug|Any CPU.ActiveCfg = Debug|Any CPU
		{FA6AB840-F1A9-4CF7-B6D8-DFED792E8559}.Debug|Any CPU.Build.0 = Debug|Any CPU
		{FA6AB840-F1A9-4CF7-B6D8-DFED792E8559}.Release|Any CPU.ActiveCfg = Release|Any CPU
		{FA6AB840-F1A9-4CF7-B6D8-DFED792E8559}.Release|Any CPU.Build.0 = Release|Any CPU
	EndGlobalSection
	GlobalSection(SolutionProperties) = preSolution
		HideSolutionNode = FALSE
	EndGlobalSection
	GlobalSection(ExtensibilityGlobals) = postSolution
		SolutionGuid = {F0DC4CCA-83AA-4857-8C12-F502A8313C39}
	EndGlobalSection
EndGlobal
